
Microsoft Visual Studio Solution File, Format Version 12.00
# Visual Studio 15
VisualStudioVersion = 15.0.27004.2010
MinimumVisualStudioVersion = 10.0.40219.1
Project("{FAE04EC0-301F-11D3-BF4B-00C04F79EFBC}") = "XMemo.Android", "XMemo\XMemo.Android\XMemo.Android.csproj", "{676A93DF-1678-40C4-872F-E30E1E661D9F}"
EndProject
Project("{FAE04EC0-301F-11D3-BF4B-00C04F79EFBC}") = "XMemo", "XMemo\XMemo\XMemo.csproj", "{83DB3818-2983-4D65-84D7-F1F2D9ED8127}"
EndProject
Global
	GlobalSection(SolutionConfigurationPlatforms) = preSolution
		Debug|Any CPU = Debug|Any CPU
		Debug|ARM = Debug|ARM
		Debug|iPhone = Debug|iPhone
		Debug|iPhoneSimulator = Debug|iPhoneSimulator
		Debug|x64 = Debug|x64
		Debug|x86 = Debug|x86
		Release|Any CPU = Release|Any CPU
		Release|ARM = Release|ARM
		Release|iPhone = Release|iPhone
		Release|iPhoneSimulator = Release|iPhoneSimulator
		Release|x64 = Release|x64
		Release|x86 = Release|x86
	EndGlobalSection
	GlobalSection(ProjectConfigurationPlatforms) = postSolution
		{676A93DF-1678-40C4-872F-E30E1E661D9F}.Debug|Any CPU.ActiveCfg = Debug|Any CPU
		{676A93DF-1678-40C4-872F-E30E1E661D9F}.Debug|Any CPU.Build.0 = Debug|Any CPU
		{676A93DF-1678-40C4-872F-E30E1E661D9F}.Debug|Any CPU.Deploy.0 = Debug|Any CPU
		{676A93DF-1678-40C4-872F-E30E1E661D9F}.Debug|ARM.ActiveCfg = Debug|Any CPU
		{676A93DF-1678-40C4-872F-E30E1E661D9F}.Debug|ARM.Build.0 = Debug|Any CPU
		{676A93DF-1678-40C4-872F-E30E1E661D9F}.Debug|ARM.Deploy.0 = Debug|Any CPU
		{676A93DF-1678-40C4-872F-E30E1E661D9F}.Debug|iPhone.ActiveCfg = Debug|Any CPU
		{676A93DF-1678-40C4-872F-E30E1E661D9F}.Debug|iPhone.Build.0 = Debug|Any CPU
		{676A93DF-1678-40C4-872F-E30E1E661D9F}.Debug|iPhone.Deploy.0 = Debug|Any CPU
		{676A93DF-1678-40C4-872F-E30E1E661D9F}.Debug|iPhoneSimulator.ActiveCfg = Debug|Any CPU
		{676A93DF-1678-40C4-872F-E30E1E661D9F}.Debug|iPhoneSimulator.Build.0 = Debug|Any CPU
		{676A93DF-1678-40C4-872F-E30E1E661D9F}.Debug|iPhoneSimulator.Deploy.0 = Debug|Any CPU
		{676A93DF-1678-40C4-872F-E30E1E661D9F}.Debug|x64.ActiveCfg = Debug|Any CPU
		{676A93DF-1678-40C4-872F-E30E1E661D9F}.Debug|x64.Build.0 = Debug|Any CPU
		{676A93DF-1678-40C4-872F-E30E1E661D9F}.Debug|x64.Deploy.0 = Debug|Any CPU
		{676A93DF-1678-40C4-872F-E30E1E661D9F}.Debug|x86.ActiveCfg = Debug|Any CPU
		{676A93DF-1678-40C4-872F-E30E1E661D9F}.Debug|x86.Build.0 = Debug|Any CPU
		{676A93DF-1678-40C4-872F-E30E1E661D9F}.Debug|x86.Deploy.0 = Debug|Any CPU
		{676A93DF-1678-40C4-872F-E30E1E661D9F}.Release|Any CPU.ActiveCfg = Release|Any CPU
		{676A93DF-1678-40C4-872F-E30E1E661D9F}.Release|Any CPU.Build.0 = Release|Any CPU
		{676A93DF-1678-40C4-872F-E30E1E661D9F}.Release|Any CPU.Deploy.0 = Release|Any CPU
		{676A93DF-1678-40C4-872F-E30E1E661D9F}.Release|ARM.ActiveCfg = Release|Any CPU
		{676A93DF-1678-40C4-872F-E30E1E661D9F}.Release|ARM.Build.0 = Release|Any CPU
		{676A93DF-1678-40C4-872F-E30E1E661D9F}.Release|ARM.Deploy.0 = Release|Any CPU
		{676A93DF-1678-40C4-872F-E30E1E661D9F}.Release|iPhone.ActiveCfg = Release|Any CPU
		{676A93DF-1678-40C4-872F-E30E1E661D9F}.Release|iPhone.Build.0 = Release|Any CPU
		{676A93DF-1678-40C4-872F-E30E1E661D9F}.Release|iPhone.Deploy.0 = Release|Any CPU
		{676A93DF-1678-40C4-872F-E30E1E661D9F}.Release|iPhoneSimulator.ActiveCfg = Release|Any CPU
		{676A93DF-1678-40C4-872F-E30E1E661D9F}.Release|iPhoneSimulator.Build.0 = Release|Any CPU
		{676A93DF-1678-40C4-872F-E30E1E661D9F}.Release|iPhoneSimulator.Deploy.0 = Release|Any CPU
		{676A93DF-1678-40C4-872F-E30E1E661D9F}.Release|x64.ActiveCfg = Release|Any CPU
		{676A93DF-1678-40C4-872F-E30E1E661D9F}.Release|x64.Build.0 = Release|Any CPU
		{676A93DF-1678-40C4-872F-E30E1E661D9F}.Release|x64.Deploy.0 = Release|Any CPU
		{676A93DF-1678-40C4-872F-E30E1E661D9F}.Release|x86.ActiveCfg = Release|Any CPU
		{676A93DF-1678-40C4-872F-E30E1E661D9F}.Release|x86.Build.0 = Release|Any CPU
		{676A93DF-1678-40C4-872F-E30E1E661D9F}.Release|x86.Deploy.0 = Release|Any CPU
		{83DB3818-2983-4D65-84D7-F1F2D9ED8127}.Debug|Any CPU.ActiveCfg = Debug|Any CPU
		{83DB3818-2983-4D65-84D7-F1F2D9ED8127}.Debug|Any CPU.Build.0 = Debug|Any CPU
		{83DB3818-2983-4D65-84D7-F1F2D9ED8127}.Debug|ARM.ActiveCfg = Debug|Any CPU
		{83DB3818-2983-4D65-84D7-F1F2D9ED8127}.Debug|ARM.Build.0 = Debug|Any CPU
		{83DB3818-2983-4D65-84D7-F1F2D9ED8127}.Debug|iPhone.ActiveCfg = Debug|Any CPU
		{83DB3818-2983-4D65-84D7-F1F2D9ED8127}.Debug|iPhone.Build.0 = Debug|Any CPU
		{83DB3818-2983-4D65-84D7-F1F2D9ED8127}.Debug|iPhoneSimulator.ActiveCfg = Debug|Any CPU
		{83DB3818-2983-4D65-84D7-F1F2D9ED8127}.Debug|iPhoneSimulator.Build.0 = Debug|Any CPU
		{83DB3818-2983-4D65-84D7-F1F2D9ED8127}.Debug|x64.ActiveCfg = Debug|Any CPU
		{83DB3818-2983-4D65-84D7-F1F2D9ED8127}.Debug|x64.Build.0 = Debug|Any CPU
		{83DB3818-2983-4D65-84D7-F1F2D9ED8127}.Debug|x86.ActiveCfg = Debug|Any CPU
		{83DB3818-2983-4D65-84D7-F1F2D9ED8127}.Debug|x86.Build.0 = Debug|Any CPU
		{83DB3818-2983-4D65-84D7-F1F2D9ED8127}.Release|Any CPU.ActiveCfg = Release|Any CPU
		{83DB3818-2983-4D65-84D7-F1F2D9ED8127}.Release|Any CPU.Build.0 = Release|Any CPU
		{83DB3818-2983-4D65-84D7-F1F2D9ED8127}.Release|ARM.ActiveCfg = Release|Any CPU
		{83DB3818-2983-4D65-84D7-F1F2D9ED8127}.Release|ARM.Build.0 = Release|Any CPU
		{83DB3818-2983-4D65-84D7-F1F2D9ED8127}.Release|iPhone.ActiveCfg = Release|Any CPU
		{83DB3818-2983-4D65-84D7-F1F2D9ED8127}.Release|iPhone.Build.0 = Release|Any CPU
		{83DB3818-2983-4D65-84D7-F1F2D9ED8127}.Release|iPhoneSimulator.ActiveCfg = Release|Any CPU
		{83DB3818-2983-4D65-84D7-F1F2D9ED8127}.Release|iPhoneSimulator.Build.0 = Release|Any CPU
		{83DB3818-2983-4D65-84D7-F1F2D9ED8127}.Release|x64.ActiveCfg = Release|Any CPU
		{83DB3818-2983-4D65-84D7-F1F2D9ED8127}.Release|x64.Build.0 = Release|Any CPU
		{83DB3818-2983-4D65-84D7-F1F2D9ED8127}.Release|x86.ActiveCfg = Release|Any CPU
		{83DB3818-2983-4D65-84D7-F1F2D9ED8127}.Release|x86.Build.0 = Release|Any CPU
	EndGlobalSection
	GlobalSection(SolutionProperties) = preSolution
		HideSolutionNode = FALSE
	EndGlobalSection
	GlobalSection(ExtensibilityGlobals) = postSolution
		SolutionGuid = {9929B617-1AB6-4DF8-B19B-2E7075FFE6D8}
	EndGlobalSection
EndGlobal
